
Microsoft Visual Studio Solution File, Format Version 12.00
# Visual Studio Version 16
VisualStudioVersion = 16.0.30114.105
MinimumVisualStudioVersion = 10.0.40219.1
Project("{9A19103F-16F7-4668-BE54-9A1E7A4F7556}") = "GeometryTools", "GeometryTools\GeometryTools.csproj", "{D6A7B8EF-E676-4903-A3DC-08A5DA5A0E1C}"
EndProject
Project("{FAE04EC0-301F-11D3-BF4B-00C04F79EFBC}") = "UnitTests", "UnitTests\UnitTests.csproj", "{E07C35F4-3240-42FD-977C-BB5B9DAE0AFF}"
EndProject
Global
	GlobalSection(SolutionConfigurationPlatforms) = preSolution
		Debug|Any CPU = Debug|Any CPU
		Release|Any CPU = Release|Any CPU
	EndGlobalSection
	GlobalSection(ProjectConfigurationPlatforms) = postSolution
		{D6A7B8EF-E676-4903-A3DC-08A5DA5A0E1C}.Debug|Any CPU.ActiveCfg = Debug|Any CPU
		{D6A7B8EF-E676-4903-A3DC-08A5DA5A0E1C}.Debug|Any CPU.Build.0 = Debug|Any CPU
		{D6A7B8EF-E676-4903-A3DC-08A5DA5A0E1C}.Release|Any CPU.ActiveCfg = Release|Any CPU
		{D6A7B8EF-E676-4903-A3DC-08A5DA5A0E1C}.Release|Any CPU.Build.0 = Release|Any CPU
		{E07C35F4-3240-42FD-977C-BB5B9DAE0AFF}.Debug|Any CPU.ActiveCfg = Debug|Any CPU
		{E07C35F4-3240-42FD-977C-BB5B9DAE0AFF}.Debug|Any CPU.Build.0 = Debug|Any CPU
		{E07C35F4-3240-42FD-977C-BB5B9DAE0AFF}.Release|Any CPU.ActiveCfg = Release|Any CPU
		{E07C35F4-3240-42FD-977C-BB5B9DAE0AFF}.Release|Any CPU.Build.0 = Release|Any CPU
	EndGlobalSection
	GlobalSection(SolutionProperties) = preSolution
		HideSolutionNode = FALSE
	EndGlobalSection
	GlobalSection(ExtensibilityGlobals) = postSolution
		SolutionGuid = {178AFD05-0758-421D-8521-72F58C34F936}
	EndGlobalSection
EndGlobal
